
Microsoft Visual Studio Solution File, Format Version 12.00
# Visual Studio 15
VisualStudioVersion = 15.0.28307.168
MinimumVisualStudioVersion = 10.0.40219.1
Project("{8BC9CEB8-8B4A-11D0-8D11-00A0C91BC942}") = "AUTO", "AUTO\AUTO.vcxproj", "{3EB39056-23DB-4604-B1BF-88FF26400251}"
EndProject
Project("{8BC9CEB8-8B4A-11D0-8D11-00A0C91BC942}") = "Game", "game\game.vcxproj", "{382E90D8-5B45-45E3-A14D-FA7C9271EA95}"
EndProject
Global
	GlobalSection(SolutionConfigurationPlatforms) = preSolution
		Debug|x64 = Debug|x64
		Debug|x86 = Debug|x86
		Release|x64 = Release|x64
		Release|x86 = Release|x86
	EndGlobalSection
	GlobalSection(ProjectConfigurationPlatforms) = postSolution
		{3EB39056-23DB-4604-B1BF-88FF26400251}.Debug|x64.ActiveCfg = Debug|x64
		{3EB39056-23DB-4604-B1BF-88FF26400251}.Debug|x64.Build.0 = Debug|x64
		{3EB39056-23DB-4604-B1BF-88FF26400251}.Debug|x86.ActiveCfg = Debug|Win32
		{3EB39056-23DB-4604-B1BF-88FF26400251}.Debug|x86.Build.0 = Debug|Win32
		{3EB39056-23DB-4604-B1BF-88FF26400251}.Release|x64.ActiveCfg = Release|x64
		{3EB39056-23DB-4604-B1BF-88FF26400251}.Release|x64.Build.0 = Release|x64
		{3EB39056-23DB-4604-B1BF-88FF26400251}.Release|x86.ActiveCfg = Release|Win32
		{3EB39056-23DB-4604-B1BF-88FF26400251}.Release|x86.Build.0 = Release|Win32
		{382E90D8-5B45-45E3-A14D-FA7C9271EA95}.Debug|x64.ActiveCfg = Debug|x64
		{382E90D8-5B45-45E3-A14D-FA7C9271EA95}.Debug|x64.Build.0 = Debug|x64
		{382E90D8-5B45-45E3-A14D-FA7C9271EA95}.Debug|x86.ActiveCfg = Debug|Win32
		{382E90D8-5B45-45E3-A14D-FA7C9271EA95}.Debug|x86.Build.0 = Debug|Win32
		{382E90D8-5B45-45E3-A14D-FA7C9271EA95}.Release|x64.ActiveCfg = Release|x64
		{382E90D8-5B45-45E3-A14D-FA7C9271EA95}.Release|x64.Build.0 = Release|x64
		{382E90D8-5B45-45E3-A14D-FA7C9271EA95}.Release|x86.ActiveCfg = Release|Win32
		{382E90D8-5B45-45E3-A14D-FA7C9271EA95}.Release|x86.Build.0 = Release|Win32
	EndGlobalSection
	GlobalSection(SolutionProperties) = preSolution
		HideSolutionNode = FALSE
	EndGlobalSection
	GlobalSection(ExtensibilityGlobals) = postSolution
		SolutionGuid = {0FA45AE7-074F-48B3-BE88-32262BC60349}
	EndGlobalSection
EndGlobal
